{
  "version": 3,
  "targets": {
    ".NETFramework,Version=v4.6": {
      "MSBuildForUnity/0.9.2-123841": {
        "type": "package",
        "build": {
          "build/MSBuildForUnity.props": {},
          "build/MSBuildForUnity.targets": {}
        },
        "buildMultiTargeting": {
          "buildCrossTargeting/MSBuildForUnity.props": {},
          "buildCrossTargeting/MSBuildForUnity.targets": {}
        }
      }
    }
  },
  "libraries": {
    "MSBuildForUnity/0.9.2-123841": {
      "sha512": "5miUOQLlKEXHZ5VT10+SuHArwgWXp+7dNEN97sNH5oOKJO+bPP9zUPYLC2ZHwShnXHXY/Ok0jfjA27HJdGbGXw==",
      "type": "package",
      "path": "msbuildforunity/0.9.2-123841",
      "files": [
        ".nupkg.metadata",
        ".signature.p7s",
        "build/MSBuildForUnity.props",
        "build/MSBuildForUnity.targets",
        "buildCommon/MSBuildForUnity.dll",
        "buildCommon/Mono.Cecil.Mdb.dll",
        "buildCommon/Mono.Cecil.Pdb.dll",
        "buildCommon/Mono.Cecil.Rocks.dll",
        "buildCommon/Mono.Cecil.dll",
        "buildCommon/Newtonsoft.Json.dll",
        "buildCommon/Publish.props",
        "buildCommon/Publish.targets",
        "buildCommon/RemapSymbolSources.props",
        "buildCommon/RemapSymbolSources.targets",
        "buildCommon/UnityMetaFileGenerator.props",
        "buildCommon/UnityMetaFileGenerator.targets",
        "buildCrossTargeting/MSBuildForUnity.props",
        "buildCrossTargeting/MSBuildForUnity.targets",
        "msbuildforunity.0.9.2-123841.nupkg.sha512",
        "msbuildforunity.nuspec"
      ]
    }
  },
  "projectFileDependencyGroups": {
    ".NETFramework,Version=v4.6": [
      "MSBuildForUnity >= 0.9.2-* <= 0.9.2"
    ]
  },
  "packageFolders": {
    "C:\\Users\\jamca\\.nuget\\packages\\": {},
    "C:\\Microsoft\\Xamarin\\NuGet\\": {},
    "C:\\Program Files\\dotnet\\sdk\\NuGetFallbackFolder": {}
  },
  "project": {
    "version": "1.0.0",
    "restore": {
      "projectUniqueName": "C:\\Users\\jamca\\Documents\\Code\\Unity\\UnoUnityTest\\Assets\\CustomUnityBuild\\CustomUnityBuild.csproj",
      "projectName": "CustomUnityBuild",
      "projectPath": "C:\\Users\\jamca\\Documents\\Code\\Unity\\UnoUnityTest\\Assets\\CustomUnityBuild\\CustomUnityBuild.csproj",
      "packagesPath": "C:\\Users\\jamca\\.nuget\\packages\\",
      "outputPath": "C:\\Users\\jamca\\Documents\\Code\\Unity\\UnoUnityTest\\Assets\\CustomUnityBuild\\.obj\\",
      "projectStyle": "PackageReference",
      "fallbackFolders": [
        "C:\\Microsoft\\Xamarin\\NuGet\\",
        "C:\\Program Files\\dotnet\\sdk\\NuGetFallbackFolder"
      ],
      "configFilePaths": [
        "C:\\Users\\jamca\\Documents\\Code\\Unity\\UnoUnityTest\\Assets\\CustomUnityBuild\\NuGet.Config",
        "C:\\Users\\jamca\\Documents\\Code\\Unity\\UnoUnityTest\\Assets\\NuGet.Config",
        "C:\\Users\\jamca\\AppData\\Roaming\\NuGet\\NuGet.Config",
        "C:\\Program Files (x86)\\NuGet\\Config\\Microsoft.VisualStudio.Offline.config",
        "C:\\Program Files (x86)\\NuGet\\Config\\Xamarin.Offline.config"
      ],
      "originalTargetFrameworks": [
        "net46"
      ],
      "sources": {
        "C:\\Program Files (x86)\\Microsoft SDKs\\NuGetPackages\\": {},
        "https://api.nuget.org/v3/index.json": {},
        "https://pkgs.dev.azure.com/UnityDeveloperTools/MSBuildForUnity/_packaging/UnityDeveloperTools/nuget/v3/index.json": {}
      },
      "frameworks": {
        "net46": {
          "projectReferences": {}
        }
      },
      "warningProperties": {
        "warnAsError": [
          "NU1605"
        ]
      }
    },
    "frameworks": {
      "net46": {
        "dependencies": {
          "MSBuildForUnity": {
            "include": "Runtime, Build, Native, ContentFiles, Analyzers",
            "suppressParent": "Analyzers",
            "target": "Package",
            "version": "[0.9.2-*, 0.9.2]"
          }
        },
        "runtimeIdentifierGraphPath": "C:\\Program Files\\dotnet\\sdk\\3.1.101\\RuntimeIdentifierGraph.json"
      }
    }
  }
}